
Microsoft Visual Studio Solution File, Format Version 12.00
# Visual Studio Version 16
VisualStudioVersion = 16.0.32802.440
MinimumVisualStudioVersion = 10.0.40219.1
Project("{FAE04EC0-301F-11D3-BF4B-00C04F79EFBC}") = "Exercicio_4_6", "Exercicio_4_6\Exercicio_4_6.csproj", "{C7A6FB72-B45F-49F0-BA4C-0FB45DA33819}"
EndProject
Global
	GlobalSection(SolutionConfigurationPlatforms) = preSolution
		Debug|Any CPU = Debug|Any CPU
		Release|Any CPU = Release|Any CPU
	EndGlobalSection
	GlobalSection(ProjectConfigurationPlatforms) = postSolution
		{C7A6FB72-B45F-49F0-BA4C-0FB45DA33819}.Debug|Any CPU.ActiveCfg = Debug|Any CPU
		{C7A6FB72-B45F-49F0-BA4C-0FB45DA33819}.Debug|Any CPU.Build.0 = Debug|Any CPU
		{C7A6FB72-B45F-49F0-BA4C-0FB45DA33819}.Release|Any CPU.ActiveCfg = Release|Any CPU
		{C7A6FB72-B45F-49F0-BA4C-0FB45DA33819}.Release|Any CPU.Build.0 = Release|Any CPU
	EndGlobalSection
	GlobalSection(SolutionProperties) = preSolution
		HideSolutionNode = FALSE
	EndGlobalSection
	GlobalSection(ExtensibilityGlobals) = postSolution
		SolutionGuid = {6E744DD5-09BC-4733-875E-3FC19D8E40BC}
	EndGlobalSection
EndGlobal
