
Microsoft Visual Studio Solution File, Format Version 12.00
# Visual Studio Version 16
VisualStudioVersion = 16.0.32802.440
MinimumVisualStudioVersion = 10.0.40219.1
Project("{FAE04EC0-301F-11D3-BF4B-00C04F79EFBC}") = "Exercicio_4_7", "Exercicio_4_7\Exercicio_4_7.csproj", "{5056C299-443A-4BF0-A6C8-C9F36013CB87}"
EndProject
Global
	GlobalSection(SolutionConfigurationPlatforms) = preSolution
		Debug|Any CPU = Debug|Any CPU
		Release|Any CPU = Release|Any CPU
	EndGlobalSection
	GlobalSection(ProjectConfigurationPlatforms) = postSolution
		{5056C299-443A-4BF0-A6C8-C9F36013CB87}.Debug|Any CPU.ActiveCfg = Debug|Any CPU
		{5056C299-443A-4BF0-A6C8-C9F36013CB87}.Debug|Any CPU.Build.0 = Debug|Any CPU
		{5056C299-443A-4BF0-A6C8-C9F36013CB87}.Release|Any CPU.ActiveCfg = Release|Any CPU
		{5056C299-443A-4BF0-A6C8-C9F36013CB87}.Release|Any CPU.Build.0 = Release|Any CPU
	EndGlobalSection
	GlobalSection(SolutionProperties) = preSolution
		HideSolutionNode = FALSE
	EndGlobalSection
	GlobalSection(ExtensibilityGlobals) = postSolution
		SolutionGuid = {E5C6B9C5-B7FD-4DF9-A09F-FE4012AE2CAC}
	EndGlobalSection
EndGlobal
