
Microsoft Visual Studio Solution File, Format Version 12.00
# Visual Studio Version 16
VisualStudioVersion = 16.0.32802.440
MinimumVisualStudioVersion = 10.0.40219.1
Project("{FAE04EC0-301F-11D3-BF4B-00C04F79EFBC}") = "exercicio_proposto4", "exercicio_proposto4\exercicio_proposto4.csproj", "{60DB1AE0-C76D-4379-B3A1-09E29227C47B}"
EndProject
Global
	GlobalSection(SolutionConfigurationPlatforms) = preSolution
		Debug|Any CPU = Debug|Any CPU
		Release|Any CPU = Release|Any CPU
	EndGlobalSection
	GlobalSection(ProjectConfigurationPlatforms) = postSolution
		{60DB1AE0-C76D-4379-B3A1-09E29227C47B}.Debug|Any CPU.ActiveCfg = Debug|Any CPU
		{60DB1AE0-C76D-4379-B3A1-09E29227C47B}.Debug|Any CPU.Build.0 = Debug|Any CPU
		{60DB1AE0-C76D-4379-B3A1-09E29227C47B}.Release|Any CPU.ActiveCfg = Release|Any CPU
		{60DB1AE0-C76D-4379-B3A1-09E29227C47B}.Release|Any CPU.Build.0 = Release|Any CPU
	EndGlobalSection
	GlobalSection(SolutionProperties) = preSolution
		HideSolutionNode = FALSE
	EndGlobalSection
	GlobalSection(ExtensibilityGlobals) = postSolution
		SolutionGuid = {DDE9A9D7-341E-43D5-8A88-2B2DBE29898D}
	EndGlobalSection
EndGlobal
