
Microsoft Visual Studio Solution File, Format Version 12.00
# Visual Studio Version 16
VisualStudioVersion = 16.0.32802.440
MinimumVisualStudioVersion = 10.0.40219.1
Project("{FAE04EC0-301F-11D3-BF4B-00C04F79EFBC}") = "exercicio_prposto5", "exercicio_prposto5\exercicio_prposto5.csproj", "{728CB4E0-70A3-4F9B-B84C-CEBCCF3765EC}"
EndProject
Global
	GlobalSection(SolutionConfigurationPlatforms) = preSolution
		Debug|Any CPU = Debug|Any CPU
		Release|Any CPU = Release|Any CPU
	EndGlobalSection
	GlobalSection(ProjectConfigurationPlatforms) = postSolution
		{728CB4E0-70A3-4F9B-B84C-CEBCCF3765EC}.Debug|Any CPU.ActiveCfg = Debug|Any CPU
		{728CB4E0-70A3-4F9B-B84C-CEBCCF3765EC}.Debug|Any CPU.Build.0 = Debug|Any CPU
		{728CB4E0-70A3-4F9B-B84C-CEBCCF3765EC}.Release|Any CPU.ActiveCfg = Release|Any CPU
		{728CB4E0-70A3-4F9B-B84C-CEBCCF3765EC}.Release|Any CPU.Build.0 = Release|Any CPU
	EndGlobalSection
	GlobalSection(SolutionProperties) = preSolution
		HideSolutionNode = FALSE
	EndGlobalSection
	GlobalSection(ExtensibilityGlobals) = postSolution
		SolutionGuid = {23E381F6-8725-4298-B572-ADEADD455960}
	EndGlobalSection
EndGlobal
