
Microsoft Visual Studio Solution File, Format Version 12.00
# Visual Studio Version 16
VisualStudioVersion = 16.0.32802.440
MinimumVisualStudioVersion = 10.0.40219.1
Project("{FAE04EC0-301F-11D3-BF4B-00C04F79EFBC}") = "exercicos_propostos2.1", "exercicos_propostos2.1\exercicos_propostos2.1.csproj", "{EC6A486F-3C4D-4E3E-B35E-8A92F9D9D11B}"
EndProject
Global
	GlobalSection(SolutionConfigurationPlatforms) = preSolution
		Debug|Any CPU = Debug|Any CPU
		Release|Any CPU = Release|Any CPU
	EndGlobalSection
	GlobalSection(ProjectConfigurationPlatforms) = postSolution
		{EC6A486F-3C4D-4E3E-B35E-8A92F9D9D11B}.Debug|Any CPU.ActiveCfg = Debug|Any CPU
		{EC6A486F-3C4D-4E3E-B35E-8A92F9D9D11B}.Debug|Any CPU.Build.0 = Debug|Any CPU
		{EC6A486F-3C4D-4E3E-B35E-8A92F9D9D11B}.Release|Any CPU.ActiveCfg = Release|Any CPU
		{EC6A486F-3C4D-4E3E-B35E-8A92F9D9D11B}.Release|Any CPU.Build.0 = Release|Any CPU
	EndGlobalSection
	GlobalSection(SolutionProperties) = preSolution
		HideSolutionNode = FALSE
	EndGlobalSection
	GlobalSection(ExtensibilityGlobals) = postSolution
		SolutionGuid = {A5037E1C-C083-45E5-8479-65467E2E96A9}
	EndGlobalSection
EndGlobal
