
Microsoft Visual Studio Solution File, Format Version 12.00
# Visual Studio Version 16
VisualStudioVersion = 16.0.32802.440
MinimumVisualStudioVersion = 10.0.40219.1
Project("{FAE04EC0-301F-11D3-BF4B-00C04F79EFBC}") = "Exercicio_classe_2_2", "Exercicio_classe_2_2\Exercicio_classe_2_2.csproj", "{B8B7CA64-E4CA-45CE-8015-033D4AA5C55E}"
EndProject
Global
	GlobalSection(SolutionConfigurationPlatforms) = preSolution
		Debug|Any CPU = Debug|Any CPU
		Release|Any CPU = Release|Any CPU
	EndGlobalSection
	GlobalSection(ProjectConfigurationPlatforms) = postSolution
		{B8B7CA64-E4CA-45CE-8015-033D4AA5C55E}.Debug|Any CPU.ActiveCfg = Debug|Any CPU
		{B8B7CA64-E4CA-45CE-8015-033D4AA5C55E}.Debug|Any CPU.Build.0 = Debug|Any CPU
		{B8B7CA64-E4CA-45CE-8015-033D4AA5C55E}.Release|Any CPU.ActiveCfg = Release|Any CPU
		{B8B7CA64-E4CA-45CE-8015-033D4AA5C55E}.Release|Any CPU.Build.0 = Release|Any CPU
	EndGlobalSection
	GlobalSection(SolutionProperties) = preSolution
		HideSolutionNode = FALSE
	EndGlobalSection
	GlobalSection(ExtensibilityGlobals) = postSolution
		SolutionGuid = {E5005E97-0E4E-4C2F-BF17-B7827E22B933}
	EndGlobalSection
EndGlobal
