
Microsoft Visual Studio Solution File, Format Version 12.00
# Visual Studio Version 16
VisualStudioVersion = 16.0.32802.440
MinimumVisualStudioVersion = 10.0.40219.1
Project("{FAE04EC0-301F-11D3-BF4B-00C04F79EFBC}") = "Exercicio_classe_2_3", "Exercicio_classe_2_3\Exercicio_classe_2_3.csproj", "{13A9E944-66B0-4D47-9F2B-BF7DD9EEBE02}"
EndProject
Global
	GlobalSection(SolutionConfigurationPlatforms) = preSolution
		Debug|Any CPU = Debug|Any CPU
		Release|Any CPU = Release|Any CPU
	EndGlobalSection
	GlobalSection(ProjectConfigurationPlatforms) = postSolution
		{13A9E944-66B0-4D47-9F2B-BF7DD9EEBE02}.Debug|Any CPU.ActiveCfg = Debug|Any CPU
		{13A9E944-66B0-4D47-9F2B-BF7DD9EEBE02}.Debug|Any CPU.Build.0 = Debug|Any CPU
		{13A9E944-66B0-4D47-9F2B-BF7DD9EEBE02}.Release|Any CPU.ActiveCfg = Release|Any CPU
		{13A9E944-66B0-4D47-9F2B-BF7DD9EEBE02}.Release|Any CPU.Build.0 = Release|Any CPU
	EndGlobalSection
	GlobalSection(SolutionProperties) = preSolution
		HideSolutionNode = FALSE
	EndGlobalSection
	GlobalSection(ExtensibilityGlobals) = postSolution
		SolutionGuid = {5F11C599-5008-426A-B630-10C8519E23F8}
	EndGlobalSection
EndGlobal
