
Microsoft Visual Studio Solution File, Format Version 12.00
# Visual Studio Version 16
VisualStudioVersion = 16.0.32802.440
MinimumVisualStudioVersion = 10.0.40219.1
Project("{FAE04EC0-301F-11D3-BF4B-00C04F79EFBC}") = "Exercicio_classe_1_2", "Exercicio_classe_1_2\Exercicio_classe_1_2.csproj", "{2A092ED6-C341-45AD-8859-2BACF9B2D95D}"
EndProject
Global
	GlobalSection(SolutionConfigurationPlatforms) = preSolution
		Debug|Any CPU = Debug|Any CPU
		Release|Any CPU = Release|Any CPU
	EndGlobalSection
	GlobalSection(ProjectConfigurationPlatforms) = postSolution
		{2A092ED6-C341-45AD-8859-2BACF9B2D95D}.Debug|Any CPU.ActiveCfg = Debug|Any CPU
		{2A092ED6-C341-45AD-8859-2BACF9B2D95D}.Debug|Any CPU.Build.0 = Debug|Any CPU
		{2A092ED6-C341-45AD-8859-2BACF9B2D95D}.Release|Any CPU.ActiveCfg = Release|Any CPU
		{2A092ED6-C341-45AD-8859-2BACF9B2D95D}.Release|Any CPU.Build.0 = Release|Any CPU
	EndGlobalSection
	GlobalSection(SolutionProperties) = preSolution
		HideSolutionNode = FALSE
	EndGlobalSection
	GlobalSection(ExtensibilityGlobals) = postSolution
		SolutionGuid = {EBC1DC99-33EC-47E8-8AA0-9A4F61D65A50}
	EndGlobalSection
EndGlobal
